
Microsoft Visual Studio Solution File, Format Version 12.00
# Visual Studio 2013
VisualStudioVersion = 12.0.21005.1
MinimumVisualStudioVersion = 10.0.40219.1
Project("{FAE04EC0-301F-11D3-BF4B-00C04F79EFBC}") = "Audit.Web", "Audit\Audit.Web.csproj", "{D96ADA5B-1A78-4C25-A1FC-2D157CF3AFF7}"
EndProject
Project("{FAE04EC0-301F-11D3-BF4B-00C04F79EFBC}") = "Audit.Tests", "Audit.Tests\Audit.Tests.csproj", "{8BECA495-E068-4A9F-99CE-AF866AB9DC4B}"
EndProject
Project("{FAE04EC0-301F-11D3-BF4B-00C04F79EFBC}") = "Audit.Data", "Audit.Data\Audit.Data.csproj", "{F19E2DF7-9412-40E9-A38E-EBE3035750C8}"
EndProject
Global
	GlobalSection(SolutionConfigurationPlatforms) = preSolution
		Debug|Any CPU = Debug|Any CPU
		Release|Any CPU = Release|Any CPU
	EndGlobalSection
	GlobalSection(ProjectConfigurationPlatforms) = postSolution
		{D96ADA5B-1A78-4C25-A1FC-2D157CF3AFF7}.Debug|Any CPU.ActiveCfg = Debug|Any CPU
		{D96ADA5B-1A78-4C25-A1FC-2D157CF3AFF7}.Debug|Any CPU.Build.0 = Debug|Any CPU
		{D96ADA5B-1A78-4C25-A1FC-2D157CF3AFF7}.Release|Any CPU.ActiveCfg = Release|Any CPU
		{D96ADA5B-1A78-4C25-A1FC-2D157CF3AFF7}.Release|Any CPU.Build.0 = Release|Any CPU
		{8BECA495-E068-4A9F-99CE-AF866AB9DC4B}.Debug|Any CPU.ActiveCfg = Debug|Any CPU
		{8BECA495-E068-4A9F-99CE-AF866AB9DC4B}.Debug|Any CPU.Build.0 = Debug|Any CPU
		{8BECA495-E068-4A9F-99CE-AF866AB9DC4B}.Release|Any CPU.ActiveCfg = Release|Any CPU
		{8BECA495-E068-4A9F-99CE-AF866AB9DC4B}.Release|Any CPU.Build.0 = Release|Any CPU
		{F19E2DF7-9412-40E9-A38E-EBE3035750C8}.Debug|Any CPU.ActiveCfg = Debug|Any CPU
		{F19E2DF7-9412-40E9-A38E-EBE3035750C8}.Debug|Any CPU.Build.0 = Debug|Any CPU
		{F19E2DF7-9412-40E9-A38E-EBE3035750C8}.Release|Any CPU.ActiveCfg = Release|Any CPU
		{F19E2DF7-9412-40E9-A38E-EBE3035750C8}.Release|Any CPU.Build.0 = Release|Any CPU
	EndGlobalSection
	GlobalSection(SolutionProperties) = preSolution
		HideSolutionNode = FALSE
	EndGlobalSection
EndGlobal
